
Microsoft Visual Studio Solution File, Format Version 12.00
# Visual Studio Version 17
VisualStudioVersion = 17.5.33530.505
MinimumVisualStudioVersion = 10.0.40219.1
Project("{FAE04EC0-301F-11D3-BF4B-00C04F79EFBC}") = "RalucaWordAddin", "RalucaWordAddin\RalucaWordAddin.csproj", "{6912E298-5AED-423A-BDCD-4231D5C04825}"
EndProject
Global
	GlobalSection(SolutionConfigurationPlatforms) = preSolution
		Debug|Any CPU = Debug|Any CPU
		Release|Any CPU = Release|Any CPU
	EndGlobalSection
	GlobalSection(ProjectConfigurationPlatforms) = postSolution
		{6912E298-5AED-423A-BDCD-4231D5C04825}.Debug|Any CPU.ActiveCfg = Debug|Any CPU
		{6912E298-5AED-423A-BDCD-4231D5C04825}.Debug|Any CPU.Build.0 = Debug|Any CPU
		{6912E298-5AED-423A-BDCD-4231D5C04825}.Release|Any CPU.ActiveCfg = Release|Any CPU
		{6912E298-5AED-423A-BDCD-4231D5C04825}.Release|Any CPU.Build.0 = Release|Any CPU
	EndGlobalSection
	GlobalSection(SolutionProperties) = preSolution
		HideSolutionNode = FALSE
	EndGlobalSection
	GlobalSection(ExtensibilityGlobals) = postSolution
		SolutionGuid = {48C36E03-290E-4122-A867-CDDCBE627779}
	EndGlobalSection
EndGlobal
